### YamlMime:ManagedReference
items:
- uid: H.Controls.HorseTextBlock
  commentId: N:H.Controls.HorseTextBlock
  id: H.Controls.HorseTextBlock
  children:
  - H.Controls.HorseTextBlock.HorseTextBlock
  langs:
  - csharp
  - vb
  name: H.Controls.HorseTextBlock
  nameWithType: H.Controls.HorseTextBlock
  fullName: H.Controls.HorseTextBlock
  type: Namespace
  assemblies:
  - H.Controls.HorseTextBlock
references:
- uid: H.Controls.HorseTextBlock.HorseTextBlock
  commentId: T:H.Controls.HorseTextBlock.HorseTextBlock
  href: H.Controls.HorseTextBlock.HorseTextBlock.html
  name: HorseTextBlock
  nameWithType: HorseTextBlock
  fullName: H.Controls.HorseTextBlock.HorseTextBlock
